
Microsoft Visual Studio Solution File, Format Version 12.00
# Visual Studio Version 16
VisualStudioVersion = 16.0.31729.503
MinimumVisualStudioVersion = 10.0.40219.1
Project("{FAE04EC0-301F-11D3-BF4B-00C04F79EFBC}") = "Naumaxia", "Naumaxia\Naumaxia.csproj", "{200C483A-7B87-4196-BF4F-F4D285E829B0}"
EndProject
Global
	GlobalSection(SolutionConfigurationPlatforms) = preSolution
		Debug|Any CPU = Debug|Any CPU
		Release|Any CPU = Release|Any CPU
	EndGlobalSection
	GlobalSection(ProjectConfigurationPlatforms) = postSolution
		{200C483A-7B87-4196-BF4F-F4D285E829B0}.Debug|Any CPU.ActiveCfg = Debug|Any CPU
		{200C483A-7B87-4196-BF4F-F4D285E829B0}.Debug|Any CPU.Build.0 = Debug|Any CPU
		{200C483A-7B87-4196-BF4F-F4D285E829B0}.Release|Any CPU.ActiveCfg = Release|Any CPU
		{200C483A-7B87-4196-BF4F-F4D285E829B0}.Release|Any CPU.Build.0 = Release|Any CPU
	EndGlobalSection
	GlobalSection(SolutionProperties) = preSolution
		HideSolutionNode = FALSE
	EndGlobalSection
	GlobalSection(ExtensibilityGlobals) = postSolution
		SolutionGuid = {1C2403B1-7E35-4888-8DB2-C6550F6C791A}
	EndGlobalSection
EndGlobal
